
Microsoft Visual Studio Solution File, Format Version 12.00
# Visual Studio 15
VisualStudioVersion = 15.0.27428.2037
MinimumVisualStudioVersion = 10.0.40219.1
Project("{FAE04EC0-301F-11D3-BF4B-00C04F79EFBC}") = "UdemyCodingAlgoBootcampDataStructs", "UdemyCodingAlgoBootcampDataStructs\UdemyCodingAlgoBootcampDataStructs.csproj", "{43B969B5-457C-4361-BBF7-55941FDC6F2E}"
EndProject
Global
	GlobalSection(SolutionConfigurationPlatforms) = preSolution
		Debug|Any CPU = Debug|Any CPU
		Release|Any CPU = Release|Any CPU
	EndGlobalSection
	GlobalSection(ProjectConfigurationPlatforms) = postSolution
		{43B969B5-457C-4361-BBF7-55941FDC6F2E}.Debug|Any CPU.ActiveCfg = Debug|Any CPU
		{43B969B5-457C-4361-BBF7-55941FDC6F2E}.Debug|Any CPU.Build.0 = Debug|Any CPU
		{43B969B5-457C-4361-BBF7-55941FDC6F2E}.Release|Any CPU.ActiveCfg = Release|Any CPU
		{43B969B5-457C-4361-BBF7-55941FDC6F2E}.Release|Any CPU.Build.0 = Release|Any CPU
	EndGlobalSection
	GlobalSection(SolutionProperties) = preSolution
		HideSolutionNode = FALSE
	EndGlobalSection
	GlobalSection(ExtensibilityGlobals) = postSolution
		SolutionGuid = {685088FD-6195-4B93-87F1-DB4FA6161D39}
	EndGlobalSection
EndGlobal
